
Microsoft Visual Studio Solution File, Format Version 12.00
# Visual Studio Version 17
VisualStudioVersion = 17.0.31903.59
MinimumVisualStudioVersion = 10.0.40219.1
Project("{FAE04EC0-301F-11D3-BF4B-00C04F79EFBC}") = "API", "API\API.csproj", "{90A8AC86-316E-45BA-8757-B0AE415DFE5B}"
EndProject
Project("{FAE04EC0-301F-11D3-BF4B-00C04F79EFBC}") = "Application", "Application\Application.csproj", "{8CEE72D8-004B-4B27-B949-A5C21B30F459}"
EndProject
Project("{FAE04EC0-301F-11D3-BF4B-00C04F79EFBC}") = "Domain", "Domain\Domain.csproj", "{C047AFDF-3CCC-4A64-9A38-169A46B71D23}"
EndProject
Project("{FAE04EC0-301F-11D3-BF4B-00C04F79EFBC}") = "Persistence", "Persistence\Persistence.csproj", "{80B408AE-A1AA-4C82-8737-CC808B2EDB5C}"
EndProject
Project("{FAE04EC0-301F-11D3-BF4B-00C04F79EFBC}") = "Infrastructure", "Infrastructure\Infrastructure.csproj", "{75267676-8407-4A50-9ECC-8FDAAAC6178F}"
EndProject
Global
	GlobalSection(SolutionConfigurationPlatforms) = preSolution
		Debug|Any CPU = Debug|Any CPU
		Release|Any CPU = Release|Any CPU
	EndGlobalSection
	GlobalSection(SolutionProperties) = preSolution
		HideSolutionNode = FALSE
	EndGlobalSection
	GlobalSection(ProjectConfigurationPlatforms) = postSolution
		{90A8AC86-316E-45BA-8757-B0AE415DFE5B}.Debug|Any CPU.ActiveCfg = Debug|Any CPU
		{90A8AC86-316E-45BA-8757-B0AE415DFE5B}.Debug|Any CPU.Build.0 = Debug|Any CPU
		{90A8AC86-316E-45BA-8757-B0AE415DFE5B}.Release|Any CPU.ActiveCfg = Release|Any CPU
		{90A8AC86-316E-45BA-8757-B0AE415DFE5B}.Release|Any CPU.Build.0 = Release|Any CPU
		{8CEE72D8-004B-4B27-B949-A5C21B30F459}.Debug|Any CPU.ActiveCfg = Debug|Any CPU
		{8CEE72D8-004B-4B27-B949-A5C21B30F459}.Debug|Any CPU.Build.0 = Debug|Any CPU
		{8CEE72D8-004B-4B27-B949-A5C21B30F459}.Release|Any CPU.ActiveCfg = Release|Any CPU
		{8CEE72D8-004B-4B27-B949-A5C21B30F459}.Release|Any CPU.Build.0 = Release|Any CPU
		{C047AFDF-3CCC-4A64-9A38-169A46B71D23}.Debug|Any CPU.ActiveCfg = Debug|Any CPU
		{C047AFDF-3CCC-4A64-9A38-169A46B71D23}.Debug|Any CPU.Build.0 = Debug|Any CPU
		{C047AFDF-3CCC-4A64-9A38-169A46B71D23}.Release|Any CPU.ActiveCfg = Release|Any CPU
		{C047AFDF-3CCC-4A64-9A38-169A46B71D23}.Release|Any CPU.Build.0 = Release|Any CPU
		{80B408AE-A1AA-4C82-8737-CC808B2EDB5C}.Debug|Any CPU.ActiveCfg = Debug|Any CPU
		{80B408AE-A1AA-4C82-8737-CC808B2EDB5C}.Debug|Any CPU.Build.0 = Debug|Any CPU
		{80B408AE-A1AA-4C82-8737-CC808B2EDB5C}.Release|Any CPU.ActiveCfg = Release|Any CPU
		{80B408AE-A1AA-4C82-8737-CC808B2EDB5C}.Release|Any CPU.Build.0 = Release|Any CPU
		{75267676-8407-4A50-9ECC-8FDAAAC6178F}.Debug|Any CPU.ActiveCfg = Debug|Any CPU
		{75267676-8407-4A50-9ECC-8FDAAAC6178F}.Debug|Any CPU.Build.0 = Debug|Any CPU
		{75267676-8407-4A50-9ECC-8FDAAAC6178F}.Release|Any CPU.ActiveCfg = Release|Any CPU
		{75267676-8407-4A50-9ECC-8FDAAAC6178F}.Release|Any CPU.Build.0 = Release|Any CPU
	EndGlobalSection
EndGlobal
